
Microsoft Visual Studio Solution File, Format Version 12.00
# Visual Studio Version 17
VisualStudioVersion = 17.11.35303.130
MinimumVisualStudioVersion = 10.0.40219.1
Project("{FAE04EC0-301F-11D3-BF4B-00C04F79EFBC}") = "Trial-Project1", "Trial-Project1\Trial-Project1.csproj", "{DB2F5305-1D57-417C-87E6-6AB8BB254BFE}"
EndProject
Global
	GlobalSection(SolutionConfigurationPlatforms) = preSolution
		Debug|Any CPU = Debug|Any CPU
		Release|Any CPU = Release|Any CPU
	EndGlobalSection
	GlobalSection(ProjectConfigurationPlatforms) = postSolution
		{DB2F5305-1D57-417C-87E6-6AB8BB254BFE}.Debug|Any CPU.ActiveCfg = Debug|Any CPU
		{DB2F5305-1D57-417C-87E6-6AB8BB254BFE}.Debug|Any CPU.Build.0 = Debug|Any CPU
		{DB2F5305-1D57-417C-87E6-6AB8BB254BFE}.Release|Any CPU.ActiveCfg = Release|Any CPU
		{DB2F5305-1D57-417C-87E6-6AB8BB254BFE}.Release|Any CPU.Build.0 = Release|Any CPU
	EndGlobalSection
	GlobalSection(SolutionProperties) = preSolution
		HideSolutionNode = FALSE
	EndGlobalSection
	GlobalSection(ExtensibilityGlobals) = postSolution
		SolutionGuid = {D5D40A31-7864-4140-B30B-1D6F1BBBBC4C}
	EndGlobalSection
EndGlobal
